// !$*UTF8*$!
{
	archiveVersion = 1;
	classes = {
	};
	objectVersion = 56;
	objects = {

/* Begin PBXBuildFile section */
		9AF25A1F2C52B2F60053CD02 /* ContentView.swift in Sources */ = {isa = PBXBuildFile; fileRef = 9AF25A1E2C52B2F60053CD02 /* ContentView.swift */; };
		9AF25A232C52B2FA0053CD02 /* Assets.xcassets in Resources */ = {isa = PBXBuildFile; fileRef = 9AF25A222C52B2FA0053CD02 /* Assets.xcassets */; };
		9AF25A262C52B2FA0053CD02 /* Preview Assets.xcassets in Resources */ = {isa = PBXBuildFile; fileRef = 9AF25A252C52B2FA0053CD02 /* Preview Assets.xcassets */; };
		9AF25A2D2C52B33F0053CD02 /* AppDelegate.swift in Sources */ = {isa = PBXBuildFile; fileRef = 9AF25A2C2C52B33F0053CD02 /* AppDelegate.swift */; };
		9AF25A2F2C52B3600053CD02 /* ARViewContainer.swift in Sources */ = {isa = PBXBuildFile; fileRef = 9AF25A2E2C52B3600053CD02 /* ARViewContainer.swift */; };
		9AF25A312C52B37D0053CD02 /* AutoScrollView.swift in Sources */ = {isa = PBXBuildFile; fileRef = 9AF25A302C52B37D0053CD02 /* AutoScrollView.swift */; };
		9AF25A332C52B3A00053CD02 /* BlurView.swift in Sources */ = {isa = PBXBuildFile; fileRef = 9AF25A322C52B3A00053CD02 /* BlurView.swift */; };
		9AF25A352C52B3DD0053CD02 /* CustomNavBar.swift in Sources */ = {isa = PBXBuildFile; fileRef = 9AF25A342C52B3DD0053CD02 /* CustomNavBar.swift */; };
		9AF25A372C52B4080053CD02 /* DocumentView.swift in Sources */ = {isa = PBXBuildFile; fileRef = 9AF25A362C52B4080053CD02 /* DocumentView.swift */; };
		9AF25A392C52B4290053CD02 /* TextCard.swift in Sources */ = {isa = PBXBuildFile; fileRef = 9AF25A382C52B4290053CD02 /* TextCard.swift */; };
		9AF25A3B2C52B6380053CD02 /* LaunchScreen.storyboard in Resources */ = {isa = PBXBuildFile; fileRef = 9AF25A3A2C52B6380053CD02 /* LaunchScreen.storyboard */; };
/* End PBXBuildFile section */

/* Begin PBXFileReference section */
		9AF25A192C52B2F60053CD02 /* Lensify.app */ = {isa = PBXFileReference; explicitFileType = wrapper.application; includeInIndex = 0; path = Lensify.app; sourceTree = BUILT_PRODUCTS_DIR; };
		9AF25A1E2C52B2F60053CD02 /* ContentView.swift */ = {isa = PBXFileReference; lastKnownFileType = sourcecode.swift; path = ContentView.swift; sourceTree = "<group>"; };
		9AF25A222C52B2FA0053CD02 /* Assets.xcassets */ = {isa = PBXFileReference; lastKnownFileType = folder.assetcatalog; path = Assets.xcassets; sourceTree = "<group>"; };
		9AF25A252C52B2FA0053CD02 /* Preview Assets.xcassets */ = {isa = PBXFileReference; lastKnownFileType = folder.assetcatalog; path = "Preview Assets.xcassets"; sourceTree = "<group>"; };
		9AF25A2C2C52B33F0053CD02 /* AppDelegate.swift */ = {isa = PBXFileReference; lastKnownFileType = sourcecode.swift; path = AppDelegate.swift; sourceTree = "<group>"; };
		9AF25A2E2C52B3600053CD02 /* ARViewContainer.swift */ = {isa = PBXFileReference; lastKnownFileType = sourcecode.swift; path = ARViewContainer.swift; sourceTree = "<group>"; };
		9AF25A302C52B37D0053CD02 /* AutoScrollView.swift */ = {isa = PBXFileReference; lastKnownFileType = sourcecode.swift; path = AutoScrollView.swift; sourceTree = "<group>"; };
		9AF25A322C52B3A00053CD02 /* BlurView.swift */ = {isa = PBXFileReference; lastKnownFileType = sourcecode.swift; path = BlurView.swift; sourceTree = "<group>"; };
		9AF25A342C52B3DD0053CD02 /* CustomNavBar.swift */ = {isa = PBXFileReference; lastKnownFileType = sourcecode.swift; path = CustomNavBar.swift; sourceTree = "<group>"; };
		9AF25A362C52B4080053CD02 /* DocumentView.swift */ = {isa = PBXFileReference; lastKnownFileType = sourcecode.swift; path = DocumentView.swift; sourceTree = "<group>"; };
		9AF25A382C52B4290053CD02 /* TextCard.swift */ = {isa = PBXFileReference; lastKnownFileType = sourcecode.swift; path = TextCard.swift; sourceTree = "<group>"; };
		9AF25A3A2C52B6380053CD02 /* LaunchScreen.storyboard */ = {isa = PBXFileReference; lastKnownFileType = file.storyboard; path = LaunchScreen.storyboard; sourceTree = "<group>"; };
/* End PBXFileReference section */

/* Begin PBXFrameworksBuildPhase section */
		9AF25A162C52B2F60053CD02 /* Frameworks */ = {
			isa = PBXFrameworksBuildPhase;
			buildActionMask = 2147483647;
			files = (
			);
			runOnlyForDeploymentPostprocessing = 0;
		};
/* End PBXFrameworksBuildPhase section */

/* Begin PBXGroup section */
		9AF25A102C52B2F60053CD02 = {
			isa = PBXGroup;
			children = (
				9AF25A1B2C52B2F60053CD02 /* Lensify */,
				9AF25A1A2C52B2F60053CD02 /* Products */,
			);
			sourceTree = "<group>";
		};
		9AF25A1A2C52B2F60053CD02 /* Products */ = {
			isa = PBXGroup;
			children = (
				9AF25A192C52B2F60053CD02 /* Lensify.app */,
			);
			name = Products;
			sourceTree = "<group>";
		};
		9AF25A1B2C52B2F60053CD02 /* Lensify */ = {
			isa = PBXGroup;
			children = (
				9AF25A2C2C52B33F0053CD02 /* AppDelegate.swift */,
				9AF25A2E2C52B3600053CD02 /* ARViewContainer.swift */,
				9AF25A1E2C52B2F60053CD02 /* ContentView.swift */,
				9AF25A342C52B3DD0053CD02 /* CustomNavBar.swift */,
				9AF25A382C52B4290053CD02 /* TextCard.swift */,
				9AF25A302C52B37D0053CD02 /* AutoScrollView.swift */,
				9AF25A322C52B3A00053CD02 /* BlurView.swift */,
				9AF25A3A2C52B6380053CD02 /* LaunchScreen.storyboard */,
				9AF25A362C52B4080053CD02 /* DocumentView.swift */,
				9AF25A222C52B2FA0053CD02 /* Assets.xcassets */,
				9AF25A242C52B2FA0053CD02 /* Preview Content */,
			);
			path = Lensify;
			sourceTree = "<group>";
		};
		9AF25A242C52B2FA0053CD02 /* Preview Content */ = {
			isa = PBXGroup;
			children = (
				9AF25A252C52B2FA0053CD02 /* Preview Assets.xcassets */,
			);
			path = "Preview Content";
			sourceTree = "<group>";
		};
/* End PBXGroup section */

/* Begin PBXNativeTarget section */
		9AF25A182C52B2F60053CD02 /* Lensify */ = {
			isa = PBXNativeTarget;
			buildConfigurationList = 9AF25A292C52B2FA0053CD02 /* Build configuration list for PBXNativeTarget "Lensify" */;
			buildPhases = (
				9AF25A152C52B2F60053CD02 /* Sources */,
				9AF25A162C52B2F60053CD02 /* Frameworks */,
				9AF25A172C52B2F60053CD02 /* Resources */,
			);
			buildRules = (
			);
			dependencies = (
			);
			name = Lensify;
			productName = Lensify;
			productReference = 9AF25A192C52B2F60053CD02 /* Lensify.app */;
			productType = "com.apple.product-type.application";
		};
/* End PBXNativeTarget section */

/* Begin PBXProject section */
		9AF25A112C52B2F60053CD02 /* Project object */ = {
			isa = PBXProject;
			attributes = {
				BuildIndependentTargetsInParallel = 1;
				LastSwiftUpdateCheck = 1540;
				LastUpgradeCheck = 1540;
				TargetAttributes = {
					9AF25A182C52B2F60053CD02 = {
						CreatedOnToolsVersion = 15.4;
					};
				};
			};
			buildConfigurationList = 9AF25A142C52B2F60053CD02 /* Build configuration list for PBXProject "Lensify" */;
			compatibilityVersion = "Xcode 14.0";
			developmentRegion = en;
			hasScannedForEncodings = 0;
			knownRegions = (
				en,
				Base,
			);
			mainGroup = 9AF25A102C52B2F60053CD02;
			productRefGroup = 9AF25A1A2C52B2F60053CD02 /* Products */;
			projectDirPath = "";
			projectRoot = "";
			targets = (
				9AF25A182C52B2F60053CD02 /* Lensify */,
			);
		};
/* End PBXProject section */

/* Begin PBXResourcesBuildPhase section */
		9AF25A172C52B2F60053CD02 /* Resources */ = {
			isa = PBXResourcesBuildPhase;
			buildActionMask = 2147483647;
			files = (
				9AF25A3B2C52B6380053CD02 /* LaunchScreen.storyboard in Resources */,
				9AF25A262C52B2FA0053CD02 /* Preview Assets.xcassets in Resources */,
				9AF25A232C52B2FA0053CD02 /* Assets.xcassets in Resources */,
			);
			runOnlyForDeploymentPostprocessing = 0;
		};
/* End PBXResourcesBuildPhase section */

/* Begin PBXSourcesBuildPhase section */
		9AF25A152C52B2F60053CD02 /* Sources */ = {
			isa = PBXSourcesBuildPhase;
			buildActionMask = 2147483647;
			files = (
				9AF25A312C52B37D0053CD02 /* AutoScrollView.swift in Sources */,
				9AF25A332C52B3A00053CD02 /* BlurView.swift in Sources */,
				9AF25A352C52B3DD0053CD02 /* CustomNavBar.swift in Sources */,
				9AF25A392C52B4290053CD02 /* TextCard.swift in Sources */,
				9AF25A2D2C52B33F0053CD02 /* AppDelegate.swift in Sources */,
				9AF25A1F2C52B2F60053CD02 /* ContentView.swift in Sources */,
				9AF25A2F2C52B3600053CD02 /* ARViewContainer.swift in Sources */,
				9AF25A372C52B4080053CD02 /* DocumentView.swift in Sources */,
			);
			runOnlyForDeploymentPostprocessing = 0;
		};
/* End PBXSourcesBuildPhase section */

/* Begin XCBuildConfiguration section */
		9AF25A272C52B2FA0053CD02 /* Debug */ = {
			isa = XCBuildConfiguration;
			buildSettings = {
				ALWAYS_SEARCH_USER_PATHS = NO;
				ASSETCATALOG_COMPILER_GENERATE_SWIFT_ASSET_SYMBOL_EXTENSIONS = YES;
				CLANG_ANALYZER_NONNULL = YES;
				CLANG_ANALYZER_NUMBER_OBJECT_CONVERSION = YES_AGGRESSIVE;
				CLANG_CXX_LANGUAGE_STANDARD = "gnu++20";
				CLANG_ENABLE_MODULES = YES;
				CLANG_ENABLE_OBJC_ARC = YES;
				CLANG_ENABLE_OBJC_WEAK = YES;
				CLANG_WARN_BLOCK_CAPTURE_AUTORELEASING = YES;
				CLANG_WARN_BOOL_CONVERSION = YES;
				CLANG_WARN_COMMA = YES;
				CLANG_WARN_CONSTANT_CONVERSION = YES;
				CLANG_WARN_DEPRECATED_OBJC_IMPLEMENTATIONS = YES;
				CLANG_WARN_DIRECT_OBJC_ISA_USAGE = YES_ERROR;
				CLANG_WARN_DOCUMENTATION_COMMENTS = YES;
				CLANG_WARN_EMPTY_BODY = YES;
				CLANG_WARN_ENUM_CONVERSION = YES;
				CLANG_WARN_INFINITE_RECURSION = YES;
				CLANG_WARN_INT_CONVERSION = YES;
				CLANG_WARN_NON_LITERAL_NULL_CONVERSION = YES;
				CLANG_WARN_OBJC_IMPLICIT_RETAIN_SELF = YES;
				CLANG_WARN_OBJC_LITERAL_CONVERSION = YES;
				CLANG_WARN_OBJC_ROOT_CLASS = YES_ERROR;
				CLANG_WARN_QUOTED_INCLUDE_IN_FRAMEWORK_HEADER = YES;
				CLANG_WARN_RANGE_LOOP_ANALYSIS = YES;
				CLANG_WARN_STRICT_PROTOTYPES = YES;
				CLANG_WARN_SUSPICIOUS_MOVE = YES;
				CLANG_WARN_UNGUARDED_AVAILABILITY = YES_AGGRESSIVE;
				CLANG_WARN_UNREACHABLE_CODE = YES;
				CLANG_WARN__DUPLICATE_METHOD_MATCH = YES;
				COPY_PHASE_STRIP = NO;
				DEBUG_INFORMATION_FORMAT = dwarf;
				ENABLE_STRICT_OBJC_MSGSEND = YES;
				ENABLE_TESTABILITY = YES;
				ENABLE_USER_SCRIPT_SANDBOXING = YES;
				GCC_C_LANGUAGE_STANDARD = gnu17;
				GCC_DYNAMIC_NO_PIC = NO;
				GCC_NO_COMMON_BLOCKS = YES;
				GCC_OPTIMIZATION_LEVEL = 0;
				GCC_PREPROCESSOR_DEFINITIONS = (
					"DEBUG=1",
					"$(inherited)",
				);
				GCC_WARN_64_TO_32_BIT_CONVERSION = YES;
				GCC_WARN_ABOUT_RETURN_TYPE = YES_ERROR;
				GCC_WARN_UNDECLARED_SELECTOR = YES;
				GCC_WARN_UNINITIALIZED_AUTOS = YES_AGGRESSIVE;
				GCC_WARN_UNUSED_FUNCTION = YES;
				GCC_WARN_UNUSED_VARIABLE = YES;
				IPHONEOS_DEPLOYMENT_TARGET = 17.5;
				LOCALIZATION_PREFERS_STRING_CATALOGS = YES;
				MTL_ENABLE_DEBUG_INFO = INCLUDE_SOURCE;
				MTL_FAST_MATH = YES;
				ONLY_ACTIVE_ARCH = YES;
				SDKROOT = iphoneos;
				SWIFT_ACTIVE_COMPILATION_CONDITIONS = "DEBUG $(inherited)";
				SWIFT_OPTIMIZATION_LEVEL = "-Onone";
			};
			name = Debug;
		};
		9AF25A282C52B2FA0053CD02 /* Release */ = {
			isa = XCBuildConfiguration;
			buildSettings = {
				ALWAYS_SEARCH_USER_PATHS = NO;
				ASSETCATALOG_COMPILER_GENERATE_SWIFT_ASSET_SYMBOL_EXTENSIONS = YES;
				CLANG_ANALYZER_NONNULL = YES;
				CLANG_ANALYZER_NUMBER_OBJECT_CONVERSION = YES_AGGRESSIVE;
				CLANG_CXX_LANGUAGE_STANDARD = "gnu++20";
				CLANG_ENABLE_MODULES = YES;
				CLANG_ENABLE_OBJC_ARC = YES;
				CLANG_ENABLE_OBJC_WEAK = YES;
				CLANG_WARN_BLOCK_CAPTURE_AUTORELEASING = YES;
				CLANG_WARN_BOOL_CONVERSION = YES;
				CLANG_WARN_COMMA = YES;
				CLANG_WARN_CONSTANT_CONVERSION = YES;
				CLANG_WARN_DEPRECATED_OBJC_IMPLEMENTATIONS = YES;
				CLANG_WARN_DIRECT_OBJC_ISA_USAGE = YES_ERROR;
				CLANG_WARN_DOCUMENTATION_COMMENTS = YES;
				CLANG_WARN_EMPTY_BODY = YES;
				CLANG_WARN_ENUM_CONVERSION = YES;
				CLANG_WARN_INFINITE_RECURSION = YES;
				CLANG_WARN_INT_CONVERSION = YES;
				CLANG_WARN_NON_LITERAL_NULL_CONVERSION = YES;
				CLANG_WARN_OBJC_IMPLICIT_RETAIN_SELF = YES;
				CLANG_WARN_OBJC_LITERAL_CONVERSION = YES;
				CLANG_WARN_OBJC_ROOT_CLASS = YES_ERROR;
				CLANG_WARN_QUOTED_INCLUDE_IN_FRAMEWORK_HEADER = YES;
				CLANG_WARN_RANGE_LOOP_ANALYSIS = YES;
				CLANG_WARN_STRICT_PROTOTYPES = YES;
				CLANG_WARN_SUSPICIOUS_MOVE = YES;
				CLANG_WARN_UNGUARDED_AVAILABILITY = YES_AGGRESSIVE;
				CLANG_WARN_UNREACHABLE_CODE = YES;
				CLANG_WARN__DUPLICATE_METHOD_MATCH = YES;
				COPY_PHASE_STRIP = NO;
				DEBUG_INFORMATION_FORMAT = "dwarf-with-dsym";
				ENABLE_NS_ASSERTIONS = NO;
				ENABLE_STRICT_OBJC_MSGSEND = YES;
				ENABLE_USER_SCRIPT_SANDBOXING = YES;
				GCC_C_LANGUAGE_STANDARD = gnu17;
				GCC_NO_COMMON_BLOCKS = YES;
				GCC_WARN_64_TO_32_BIT_CONVERSION = YES;
				GCC_WARN_ABOUT_RETURN_TYPE = YES_ERROR;
				GCC_WARN_UNDECLARED_SELECTOR = YES;
				GCC_WARN_UNINITIALIZED_AUTOS = YES_AGGRESSIVE;
				GCC_WARN_UNUSED_FUNCTION = YES;
				GCC_WARN_UNUSED_VARIABLE = YES;
				IPHONEOS_DEPLOYMENT_TARGET = 17.5;
				LOCALIZATION_PREFERS_STRING_CATALOGS = YES;
				MTL_ENABLE_DEBUG_INFO = NO;
				MTL_FAST_MATH = YES;
				SDKROOT = iphoneos;
				SWIFT_COMPILATION_MODE = wholemodule;
				VALIDATE_PRODUCT = YES;
			};
			name = Release;
		};
		9AF25A2A2C52B2FA0053CD02 /* Debug */ = {
			isa = XCBuildConfiguration;
			buildSettings = {
				ASSETCATALOG_COMPILER_APPICON_NAME = AppIcon;
				ASSETCATALOG_COMPILER_GLOBAL_ACCENT_COLOR_NAME = AccentColor;
				CODE_SIGN_STYLE = Automatic;
				CURRENT_PROJECT_VERSION = 1;
				DEVELOPMENT_ASSET_PATHS = "\"Lensify/Preview Content\"";
				DEVELOPMENT_TEAM = W4A38YB3D2;
				ENABLE_PREVIEWS = YES;
				GENERATE_INFOPLIST_FILE = YES;
				INFOPLIST_KEY_CFBundleDisplayName = Lensify;
				INFOPLIST_KEY_LSApplicationCategoryType = "public.app-category.productivity";
				INFOPLIST_KEY_NSCameraUsageDescription = "Lensify needs access to the camera to scan and analyze visual information.";
				INFOPLIST_KEY_NSFileProviderDomainUsageDescription = "Lensify needs access to securely store documents locally.";
				INFOPLIST_KEY_NSMicrophoneUsageDescription = "Lensify uses the microphone to transcribe live audio.";
				INFOPLIST_KEY_NSSpeechRecognitionUsageDescription = "Lensify uses speech recognition to convert spoken words into text.";
				INFOPLIST_KEY_UIApplicationSceneManifest_Generation = YES;
				INFOPLIST_KEY_UIApplicationSupportsIndirectInputEvents = YES;
				INFOPLIST_KEY_UILaunchScreen_Generation = YES;
				INFOPLIST_KEY_UILaunchStoryboardName = LaunchScreen.storyboard;
				INFOPLIST_KEY_UISupportedInterfaceOrientations_iPad = "UIInterfaceOrientationPortrait UIInterfaceOrientationPortraitUpsideDown UIInterfaceOrientationLandscapeLeft UIInterfaceOrientationLandscapeRight";
				INFOPLIST_KEY_UISupportedInterfaceOrientations_iPhone = "UIInterfaceOrientationPortrait UIInterfaceOrientationLandscapeLeft UIInterfaceOrientationLandscapeRight";
				LD_RUNPATH_SEARCH_PATHS = (
					"$(inherited)",
					"@executable_path/Frameworks",
				);
				MARKETING_VERSION = 1.0;
				PRODUCT_BUNDLE_IDENTIFIER = io.spectaclesystems.lensify;
				PRODUCT_NAME = "$(TARGET_NAME)";
				SUPPORTED_PLATFORMS = "iphoneos iphonesimulator";
				SUPPORTS_MACCATALYST = NO;
				SUPPORTS_MAC_DESIGNED_FOR_IPHONE_IPAD = NO;
				SUPPORTS_XR_DESIGNED_FOR_IPHONE_IPAD = NO;
				SWIFT_EMIT_LOC_STRINGS = YES;
				SWIFT_VERSION = 5.0;
				TARGETED_DEVICE_FAMILY = "1,2";
			};
			name = Debug;
		};
		9AF25A2B2C52B2FA0053CD02 /* Release */ = {
			isa = XCBuildConfiguration;
			buildSettings = {
				ASSETCATALOG_COMPILER_APPICON_NAME = AppIcon;
				ASSETCATALOG_COMPILER_GLOBAL_ACCENT_COLOR_NAME = AccentColor;
				CODE_SIGN_STYLE = Automatic;
				CURRENT_PROJECT_VERSION = 1;
				DEVELOPMENT_ASSET_PATHS = "\"Lensify/Preview Content\"";
				DEVELOPMENT_TEAM = W4A38YB3D2;
				ENABLE_PREVIEWS = YES;
				GENERATE_INFOPLIST_FILE = YES;
				INFOPLIST_KEY_CFBundleDisplayName = Lensify;
				INFOPLIST_KEY_LSApplicationCategoryType = "public.app-category.productivity";
				INFOPLIST_KEY_NSCameraUsageDescription = "Lensify needs access to the camera to scan and analyze visual information.";
				INFOPLIST_KEY_NSFileProviderDomainUsageDescription = "Lensify needs access to securely store documents locally.";
				INFOPLIST_KEY_NSMicrophoneUsageDescription = "Lensify uses the microphone to transcribe live audio.";
				INFOPLIST_KEY_NSSpeechRecognitionUsageDescription = "Lensify uses speech recognition to convert spoken words into text.";
				INFOPLIST_KEY_UIApplicationSceneManifest_Generation = YES;
				INFOPLIST_KEY_UIApplicationSupportsIndirectInputEvents = YES;
				INFOPLIST_KEY_UILaunchScreen_Generation = YES;
				INFOPLIST_KEY_UILaunchStoryboardName = LaunchScreen.storyboard;
				INFOPLIST_KEY_UISupportedInterfaceOrientations_iPad = "UIInterfaceOrientationPortrait UIInterfaceOrientationPortraitUpsideDown UIInterfaceOrientationLandscapeLeft UIInterfaceOrientationLandscapeRight";
				INFOPLIST_KEY_UISupportedInterfaceOrientations_iPhone = "UIInterfaceOrientationPortrait UIInterfaceOrientationLandscapeLeft UIInterfaceOrientationLandscapeRight";
				LD_RUNPATH_SEARCH_PATHS = (
					"$(inherited)",
					"@executable_path/Frameworks",
				);
				MARKETING_VERSION = 1.0;
				PRODUCT_BUNDLE_IDENTIFIER = io.spectaclesystems.lensify;
				PRODUCT_NAME = "$(TARGET_NAME)";
				SUPPORTED_PLATFORMS = "iphoneos iphonesimulator";
				SUPPORTS_MACCATALYST = NO;
				SUPPORTS_MAC_DESIGNED_FOR_IPHONE_IPAD = NO;
				SUPPORTS_XR_DESIGNED_FOR_IPHONE_IPAD = NO;
				SWIFT_EMIT_LOC_STRINGS = YES;
				SWIFT_VERSION = 5.0;
				TARGETED_DEVICE_FAMILY = "1,2";
			};
			name = Release;
		};
/* End XCBuildConfiguration section */

/* Begin XCConfigurationList section */
		9AF25A142C52B2F60053CD02 /* Build configuration list for PBXProject "Lensify" */ = {
			isa = XCConfigurationList;
			buildConfigurations = (
				9AF25A272C52B2FA0053CD02 /* Debug */,
				9AF25A282C52B2FA0053CD02 /* Release */,
			);
			defaultConfigurationIsVisible = 0;
			defaultConfigurationName = Release;
		};
		9AF25A292C52B2FA0053CD02 /* Build configuration list for PBXNativeTarget "Lensify" */ = {
			isa = XCConfigurationList;
			buildConfigurations = (
				9AF25A2A2C52B2FA0053CD02 /* Debug */,
				9AF25A2B2C52B2FA0053CD02 /* Release */,
			);
			defaultConfigurationIsVisible = 0;
			defaultConfigurationName = Release;
		};
/* End XCConfigurationList section */
	};
	rootObject = 9AF25A112C52B2F60053CD02 /* Project object */;
}
